{
  "projects": [
    {
      "projectId": "7nJ7UcFmq9UzB6eXfC5z4a",
      "version": "0.20.0",
      "dependencies": {},
      "lang": "js",
      "fileLocks": [
        {
          "assetId": "7nJ7UcFmq9UzB6eXfC5z4a",
          "type": "projectCss",
          "checksum": "05587b57f22f0ec8bb54543deb39762e"
        }
      ],
      "codegenVersion": "0.0.1"
    },
    {
      "projectId": "mzuCRszeeZdCMSdpkmycrs",
      "version": "latest",
      "dependencies": {
        "7nJ7UcFmq9UzB6eXfC5z4a": "0.20.0"
      },
      "lang": "js",
      "fileLocks": [
        {
          "type": "globalVariant",
          "assetId": "CWoeu4d18NgU",
          "checksum": "65dd2d3c58b7d520e6a3813858ea1d4e"
        },
        {
          "type": "globalVariant",
          "assetId": "a301WJk8tolz",
          "checksum": "4074c9de17f96b4fef5a0b0fea446fd2"
        },
        {
          "type": "globalVariant",
          "assetId": "JCmJRmKe9uvY",
          "checksum": "084611079a2a25fdd0288115e8e2a53e"
        },
        {
          "type": "renderModule",
          "assetId": "CtcJNd-6tWO7",
          "checksum": "26652c138094f144913ff9204b2e622f"
        },
        {
          "type": "cssRules",
          "assetId": "CtcJNd-6tWO7",
          "checksum": "26652c138094f144913ff9204b2e622f"
        },
        {
          "type": "renderModule",
          "assetId": "ZhULiaU9WIpl",
          "checksum": "e218f92f65284c17113e0cb83b3ac12c"
        },
        {
          "type": "cssRules",
          "assetId": "ZhULiaU9WIpl",
          "checksum": "e218f92f65284c17113e0cb83b3ac12c"
        },
        {
          "type": "renderModule",
          "assetId": "FudiOxfuM-P6",
          "checksum": "f2916d83a19e3c25c9531d10db4daef8"
        },
        {
          "type": "cssRules",
          "assetId": "FudiOxfuM-P6",
          "checksum": "f2916d83a19e3c25c9531d10db4daef8"
        },
        {
          "type": "renderModule",
          "assetId": "sJnkaKbN1RIw",
          "checksum": "d059c4ecd2feda953aa068321dd71a20"
        },
        {
          "type": "cssRules",
          "assetId": "sJnkaKbN1RIw",
          "checksum": "d059c4ecd2feda953aa068321dd71a20"
        },
        {
          "type": "renderModule",
          "assetId": "SfNrh9MVmFFI",
          "checksum": "c40047dd33bc6d329a3fd47466df0474"
        },
        {
          "type": "cssRules",
          "assetId": "SfNrh9MVmFFI",
          "checksum": "c40047dd33bc6d329a3fd47466df0474"
        },
        {
          "type": "renderModule",
          "assetId": "znjC41HgI5b6",
          "checksum": "0bab7ff6062cf8ca475cf41fd88fb304"
        },
        {
          "type": "cssRules",
          "assetId": "znjC41HgI5b6",
          "checksum": "0bab7ff6062cf8ca475cf41fd88fb304"
        },
        {
          "type": "renderModule",
          "assetId": "3-XCU9v-YW2v",
          "checksum": "a8ed1fbc575c69303e7a79885de95be6"
        },
        {
          "type": "cssRules",
          "assetId": "3-XCU9v-YW2v",
          "checksum": "a8ed1fbc575c69303e7a79885de95be6"
        },
        {
          "type": "renderModule",
          "assetId": "oW6vRYQSy8Ko",
          "checksum": "f0875ea21b921e9d840f76115f69f120"
        },
        {
          "type": "cssRules",
          "assetId": "oW6vRYQSy8Ko",
          "checksum": "f0875ea21b921e9d840f76115f69f120"
        },
        {
          "type": "renderModule",
          "assetId": "Pk-Bzx8dQF7f",
          "checksum": "e0563318da17129f655d6245cbc8879b"
        },
        {
          "type": "cssRules",
          "assetId": "Pk-Bzx8dQF7f",
          "checksum": "e0563318da17129f655d6245cbc8879b"
        },
        {
          "type": "renderModule",
          "assetId": "vDntYEiI1rN5",
          "checksum": "0b75e8b0440d0799d20a0b7adae100d0"
        },
        {
          "type": "cssRules",
          "assetId": "vDntYEiI1rN5",
          "checksum": "0b75e8b0440d0799d20a0b7adae100d0"
        },
        {
          "type": "icon",
          "assetId": "VwtN0GCUtONh",
          "checksum": "113fcde9a8a3b90a84f90bea9dcb25a5"
        },
        {
          "type": "icon",
          "assetId": "6DzfHs_OoRWm",
          "checksum": "0adcb6954a91d61d8885e8b39bc1ce35"
        },
        {
          "type": "icon",
          "assetId": "Z5wqV-U81oP1",
          "checksum": "6601e69d6e0860689b9ef5a8ae2c5027"
        },
        {
          "type": "icon",
          "assetId": "LSAIcshIET4r",
          "checksum": "1cde2a778fc456027a991059e5fe9952"
        },
        {
          "type": "icon",
          "assetId": "a6n81dhOd79x",
          "checksum": "7b4409b83c9cf2a98af503717ab9ca45"
        },
        {
          "type": "icon",
          "assetId": "eZ-4ILLeh3Op",
          "checksum": "9c67cfa1cb8fd728003fac0f6ef40b0d"
        },
        {
          "type": "icon",
          "assetId": "GRVCl50eX3Fy",
          "checksum": "4031e9fd8783330295e814b3bc60fa51"
        },
        {
          "type": "icon",
          "assetId": "pzoF8PVhCGg5",
          "checksum": "1dea1697c3a710e35a737a5032d8e895"
        },
        {
          "type": "icon",
          "assetId": "nHCmdEXQ53_I",
          "checksum": "e864775ae5a52f58c82264e1aecfa083"
        },
        {
          "type": "icon",
          "assetId": "rxZrwaZmy18r",
          "checksum": "492b45ee438d319096407a093e26370a"
        },
        {
          "type": "icon",
          "assetId": "S-PAg2PKgK98",
          "checksum": "8d742cdb7f2585f4b15cca6713ee42b2"
        },
        {
          "type": "icon",
          "assetId": "_0SrNulZlqMH",
          "checksum": "31792c1936f5778a3e342551307e7f3d"
        },
        {
          "type": "icon",
          "assetId": "0jEl_eA7Ps7S",
          "checksum": "3c3d6852819eb0748fc03b3d9fdc6271"
        },
        {
          "type": "icon",
          "assetId": "X7zTl_H-d9AE",
          "checksum": "7f11f520fe00626cb78fe0e02eb4fe6c"
        },
        {
          "type": "icon",
          "assetId": "5ythh4Nf7eOS",
          "checksum": "7e71b6a062ae845cd1f7b963d5cc3dd8"
        },
        {
          "type": "icon",
          "assetId": "VhgMqyS41h6D",
          "checksum": "d696aee16f226c656060ac263e97ab35"
        },
        {
          "type": "icon",
          "assetId": "JkPMJ26PU4mR",
          "checksum": "96f72ca524fd2944132130f16bc484b4"
        },
        {
          "type": "icon",
          "assetId": "qXiyTVRQD16J",
          "checksum": "6ef32ba76b8de5f22e111592fe4eab3a"
        },
        {
          "type": "icon",
          "assetId": "VecpkVxkHNw9",
          "checksum": "efd95d933aa912be3020557ddccfa6e8"
        },
        {
          "type": "icon",
          "assetId": "NNgXZ1kRGRKN",
          "checksum": "b894bb9e3f38f97b24be934a5c125840"
        },
        {
          "type": "icon",
          "assetId": "6I7g_O17gFzU",
          "checksum": "55873c0dd531cdb31013513533314278"
        },
        {
          "type": "icon",
          "assetId": "w5sg5NTH09T3",
          "checksum": "6883c2006a29b163e5ae04ea7d2f083d"
        },
        {
          "type": "icon",
          "assetId": "4-B1_joro5Fk",
          "checksum": "e82254844f18b45abc8fe1022647c236"
        },
        {
          "type": "icon",
          "assetId": "Kd2MFf3GbQ5_",
          "checksum": "3f99cfe5456be242f8ace0e256634841"
        },
        {
          "type": "icon",
          "assetId": "bbKVWAuU9ypL",
          "checksum": "69ab98d94c9b6eb115cc2fb6e7a4a0a3"
        },
        {
          "type": "icon",
          "assetId": "upaf5_EaJGCO",
          "checksum": "58a73310958529914b6b367fe978a052"
        },
        {
          "type": "icon",
          "assetId": "rF8V5e3ucGKP",
          "checksum": "c46fb683a1cc22f4c4b60533dbac6c25"
        },
        {
          "type": "icon",
          "assetId": "B2StA8U5GyXL",
          "checksum": "7e8029c5d028d62c98de1a85cf8d000b"
        },
        {
          "type": "icon",
          "assetId": "q5hvZ3w8Ik_T",
          "checksum": "a41d7a5dca751400a6160b4ec3c98ce8"
        },
        {
          "type": "icon",
          "assetId": "lRBx48Xk9nbi",
          "checksum": "4a993d73d1f96301dde63600c510ce8f"
        },
        {
          "type": "icon",
          "assetId": "bF9QAu6mcUBm",
          "checksum": "6ef3ed79ff1bcb2f26aa68fb852f971e"
        },
        {
          "type": "icon",
          "assetId": "SbLQGrCk7rdd",
          "checksum": "99aa5e5eeebf19ced8d37b6d9ef116fe"
        },
        {
          "type": "icon",
          "assetId": "hItTK1HgbumT",
          "checksum": "8420c770a99e613abd89e14c721a3eda"
        },
        {
          "type": "icon",
          "assetId": "5ygcO1A-QLsb",
          "checksum": "718ad4e4ac636fd9301798f00bf353e1"
        },
        {
          "type": "icon",
          "assetId": "KEoKWOJIWUjQ",
          "checksum": "5aa3326f641074b41401d106a0e224dc"
        },
        {
          "type": "icon",
          "assetId": "tvlnQOfVb5y6",
          "checksum": "b968a85a471e8d89f908bfc28892da70"
        },
        {
          "type": "icon",
          "assetId": "lMTQEWPLA7BZ",
          "checksum": "0d9ae0b4bd00344ee987fee2507db01a"
        },
        {
          "type": "icon",
          "assetId": "HfJdOi8yHVLs",
          "checksum": "ee61216007ecb88566ca4b3a534f140b"
        },
        {
          "type": "icon",
          "assetId": "4_vf2Isx6T1J",
          "checksum": "9e3edd7ba550708e30770ca0c880b2a0"
        },
        {
          "type": "image",
          "assetId": "x2j5yC914DgH",
          "checksum": "fffad04f0050312c2ebe16a94bb62e0c"
        },
        {
          "type": "image",
          "assetId": "H-vUWto887eQ",
          "checksum": "59f01996415dcf6d8bb4e9d8dc6c9c79"
        },
        {
          "type": "image",
          "assetId": "TlszrL49oo_3",
          "checksum": "970fe0306a58a2d41dde58ee614693f5"
        },
        {
          "type": "image",
          "assetId": "g4JC91KueZQY",
          "checksum": "3d916867cde851d9b3466bc0a45356b3"
        },
        {
          "type": "image",
          "assetId": "T8IJGRbslctS",
          "checksum": "fe86654f47851a823708430085ca43d2"
        },
        {
          "type": "image",
          "assetId": "FOjnIOn2VcEb",
          "checksum": "0b62d18adbed92283017b124de536e81"
        },
        {
          "type": "image",
          "assetId": "AOA6ACzzrqhv",
          "checksum": "528abbb190f11787a6bb4e39c5063575"
        },
        {
          "type": "image",
          "assetId": "c4DbbcUxnl94",
          "checksum": "5bb81b4d9c55b0b92351d57f6fdcbfc7"
        },
        {
          "type": "image",
          "assetId": "PjGksynRo6g3",
          "checksum": "0f692349319dd1242328f3e734ba0fe3"
        },
        {
          "type": "image",
          "assetId": "iKGy0WUubPaO",
          "checksum": "2075c8c905a3d5c94ed53c0138f4a38c"
        },
        {
          "type": "image",
          "assetId": "q0jhfzgEmTTN",
          "checksum": "50078d06d9028a2268ad2e0e0559eace"
        },
        {
          "type": "image",
          "assetId": "_bbFhQVirgbs",
          "checksum": "b20302004605adca72b17c30e52e70ef"
        },
        {
          "type": "image",
          "assetId": "wfRn-zvWHXv5",
          "checksum": "e459651cee088fd86ce2ef71b645a0b3"
        },
        {
          "type": "image",
          "assetId": "Vei898-mEgnN",
          "checksum": "36aac9b51f8870a22201080453db5378"
        },
        {
          "type": "image",
          "assetId": "8ROhTD992RlW",
          "checksum": "af1d15e89caa487cb6ddd47cf2e6ca2f"
        },
        {
          "type": "image",
          "assetId": "yOzaatEavQ_F",
          "checksum": "60123e24a030e0af5197d5a1c7b65a51"
        },
        {
          "type": "image",
          "assetId": "1P7o-wD89yy0",
          "checksum": "9691a8fa8c1899da19e47f52b9d8de10"
        },
        {
          "type": "image",
          "assetId": "VHZ8J_e5tGA7",
          "checksum": "de7ea5a3bb4c45f6b741281ed6fed2f5"
        },
        {
          "type": "image",
          "assetId": "6d6PK-lwhbqr",
          "checksum": "10096df88bad74575fd0b442c322d1d9"
        },
        {
          "type": "image",
          "assetId": "v2aY7LSLJHYR",
          "checksum": "4d5e08197e92d7e18ec22ed4a3313c57"
        },
        {
          "type": "image",
          "assetId": "ahW0nwTuc34U",
          "checksum": "6420b826c4529d278c0bb704e2e6723a"
        },
        {
          "type": "image",
          "assetId": "ldAs3JF_HJSz",
          "checksum": "9ca6751cda5ead9c5817b715866d1664"
        },
        {
          "type": "image",
          "assetId": "2ZHTSXtjr-RF",
          "checksum": "dd2e02618bfb47b93c4501a8fe3b6d65"
        },
        {
          "type": "image",
          "assetId": "3esHuwGi8KKG",
          "checksum": "626671b1579b67d4191b6878d31973ce"
        },
        {
          "type": "image",
          "assetId": "de2T3-p624Lw",
          "checksum": "f456bb6a07a07363411cb7efe56bce55"
        },
        {
          "type": "image",
          "assetId": "ajBDsXLG_j0T",
          "checksum": "febaa738bd3db0e85d5870cedef670c0"
        },
        {
          "type": "image",
          "assetId": "ym2qbuG208bV",
          "checksum": "19f1424ef84cdd8bf952501b0700632b"
        },
        {
          "type": "image",
          "assetId": "sk6c_ldExf7Y",
          "checksum": "cf521c5953aeeac63a0ef27f8fd9e0e5"
        },
        {
          "type": "image",
          "assetId": "ERN_qBFzXhYa",
          "checksum": "d43897360436e58f3f773480ac67f5a9"
        },
        {
          "type": "image",
          "assetId": "PgiTxxboUGFZ",
          "checksum": "e1f77f7e010406381332fe553b0759a3"
        },
        {
          "type": "image",
          "assetId": "wRXy1_uMGC8P",
          "checksum": "ba42c6f19aa0d5fff2b0a1c1a3611095"
        },
        {
          "type": "image",
          "assetId": "ppJQdrsxJH06",
          "checksum": "b395b4dd126204f160bdeb779cee0c97"
        },
        {
          "type": "image",
          "assetId": "_L3y_Iv1nWu9",
          "checksum": "65b92b3f0150a9007e98e61873a17174"
        },
        {
          "type": "image",
          "assetId": "-1mG6u0ol_do",
          "checksum": "0d384856138e4d0011567f052546f67b"
        },
        {
          "type": "image",
          "assetId": "bSiErorzkd3t",
          "checksum": "45862bc205c619dec412fbdece914352"
        },
        {
          "type": "image",
          "assetId": "pN76I883ZXMI",
          "checksum": "0c5abc12a33d34e1442c3b761f0a74cf"
        },
        {
          "type": "image",
          "assetId": "mKXfNk2WtSdn",
          "checksum": "69a31e1205d127cb71d803b910477dde"
        },
        {
          "type": "renderModule",
          "assetId": "q5nQYWWL3Xpt",
          "checksum": "368cd7efe47079f20f80da8969baa97b"
        },
        {
          "type": "cssRules",
          "assetId": "q5nQYWWL3Xpt",
          "checksum": "368cd7efe47079f20f80da8969baa97b"
        },
        {
          "type": "renderModule",
          "assetId": "5-fMA3NxLlyg",
          "checksum": "0d79fb415b77acc46dd59bd9aeb8ea3d"
        },
        {
          "type": "cssRules",
          "assetId": "5-fMA3NxLlyg",
          "checksum": "0d79fb415b77acc46dd59bd9aeb8ea3d"
        },
        {
          "assetId": "mzuCRszeeZdCMSdpkmycrs",
          "type": "projectCss",
          "checksum": "2119923a15c1fac05f008c523235b099"
        },
        {
          "type": "image",
          "assetId": "U4mE0NCiz_mv",
          "checksum": "3ae12439ede544d1d8ca23c5fcef5fae"
        },
        {
          "type": "image",
          "assetId": "ClYYiWc_T-pz",
          "checksum": "b0b3930f4ee79a923eebb1579ba5c2f5"
        },
        {
          "type": "image",
          "assetId": "k-oatBth86M5",
          "checksum": "7bc283b7c372012e6d766ae6c028d39c"
        }
      ],
      "codegenVersion": "0.0.1"
    }
  ],
  "cliVersion": "0.1.308"
}
